
Microsoft Visual Studio Solution File, Format Version 12.00
# Visual Studio Version 17
VisualStudioVersion = 17.14.37411.7 d17.14
MinimumVisualStudioVersion = 10.0.40219.1
Project("{888888A0-9F3D-457C-B088-3A5042F75D52}") = "FlashcardApplication", "FlashcardApplication.pyproj", "{602E03CB-5493-4D4C-8946-60C29E333F01}"
EndProject
Global
	GlobalSection(SolutionConfigurationPlatforms) = preSolution
		Debug|Any CPU = Debug|Any CPU
		Release|Any CPU = Release|Any CPU
	EndGlobalSection
	GlobalSection(ProjectConfigurationPlatforms) = postSolution
		{602E03CB-5493-4D4C-8946-60C29E333F01}.Debug|Any CPU.ActiveCfg = Debug|Any CPU
		{602E03CB-5493-4D4C-8946-60C29E333F01}.Release|Any CPU.ActiveCfg = Release|Any CPU
	EndGlobalSection
	GlobalSection(SolutionProperties) = preSolution
		HideSolutionNode = FALSE
	EndGlobalSection
	GlobalSection(ExtensibilityGlobals) = postSolution
		SolutionGuid = {CFC8C003-2738-4A47-845B-3DF0371E8220}
	EndGlobalSection
EndGlobal
